
Microsoft Visual Studio Solution File, Format Version 12.00
# Visual Studio 14
VisualStudioVersion = 14.0.25420.1
MinimumVisualStudioVersion = 10.0.40219.1
Project("{FAE04EC0-301F-11D3-BF4B-00C04F79EFBC}") = "ListInfoDemo.Android", "ListInfoDemo\ListInfoDemo.Android\ListInfoDemo.Android.csproj", "{A2EDA81F-EA51-4AF9-B4DB-DA697D6429E0}"
EndProject
Project("{FAE04EC0-301F-11D3-BF4B-00C04F79EFBC}") = "ListInfoDemo", "ListInfoDemo\ListInfoDemo\ListInfoDemo.csproj", "{D40673E3-AB77-4F66-B74C-B05C4A6F5320}"
EndProject
Project("{FAE04EC0-301F-11D3-BF4B-00C04F79EFBC}") = "ListInfoDemo.UWP", "ListInfoDemo\ListInfoDemo.UWP\ListInfoDemo.UWP.csproj", "{55D11A70-5F47-4808-8E4F-27C86F1F6E6E}"
EndProject
Project("{FAE04EC0-301F-11D3-BF4B-00C04F79EFBC}") = "ListInfoDemo.iOS", "ListInfoDemo\ListInfoDemo.iOS\ListInfoDemo.iOS.csproj", "{D7421611-CB0C-4D27-BDB3-FF28B2E35C4F}"
EndProject
Global
	GlobalSection(SolutionConfigurationPlatforms) = preSolution
		Ad-Hoc|Any CPU = Ad-Hoc|Any CPU
		Ad-Hoc|ARM = Ad-Hoc|ARM
		Ad-Hoc|iPhone = Ad-Hoc|iPhone
		Ad-Hoc|iPhoneSimulator = Ad-Hoc|iPhoneSimulator
		Ad-Hoc|x64 = Ad-Hoc|x64
		Ad-Hoc|x86 = Ad-Hoc|x86
		AppStore|Any CPU = AppStore|Any CPU
		AppStore|ARM = AppStore|ARM
		AppStore|iPhone = AppStore|iPhone
		AppStore|iPhoneSimulator = AppStore|iPhoneSimulator
		AppStore|x64 = AppStore|x64
		AppStore|x86 = AppStore|x86
		Debug|Any CPU = Debug|Any CPU
		Debug|ARM = Debug|ARM
		Debug|iPhone = Debug|iPhone
		Debug|iPhoneSimulator = Debug|iPhoneSimulator
		Debug|x64 = Debug|x64
		Debug|x86 = Debug|x86
		Release|Any CPU = Release|Any CPU
		Release|ARM = Release|ARM
		Release|iPhone = Release|iPhone
		Release|iPhoneSimulator = Release|iPhoneSimulator
		Release|x64 = Release|x64
		Release|x86 = Release|x86
	EndGlobalSection
	GlobalSection(ProjectConfigurationPlatforms) = postSolution
		{A2EDA81F-EA51-4AF9-B4DB-DA697D6429E0}.Ad-Hoc|Any CPU.ActiveCfg = Release|Any CPU
		{A2EDA81F-EA51-4AF9-B4DB-DA697D6429E0}.Ad-Hoc|Any CPU.Build.0 = Release|Any CPU
		{A2EDA81F-EA51-4AF9-B4DB-DA697D6429E0}.Ad-Hoc|Any CPU.Deploy.0 = Release|Any CPU
		{A2EDA81F-EA51-4AF9-B4DB-DA697D6429E0}.Ad-Hoc|ARM.ActiveCfg = Release|Any CPU
		{A2EDA81F-EA51-4AF9-B4DB-DA697D6429E0}.Ad-Hoc|ARM.Build.0 = Release|Any CPU
		{A2EDA81F-EA51-4AF9-B4DB-DA697D6429E0}.Ad-Hoc|ARM.Deploy.0 = Release|Any CPU
		{A2EDA81F-EA51-4AF9-B4DB-DA697D6429E0}.Ad-Hoc|iPhone.ActiveCfg = Release|Any CPU
		{A2EDA81F-EA51-4AF9-B4DB-DA697D6429E0}.Ad-Hoc|iPhone.Build.0 = Release|Any CPU
		{A2EDA81F-EA51-4AF9-B4DB-DA697D6429E0}.Ad-Hoc|iPhone.Deploy.0 = Release|Any CPU
		{A2EDA81F-EA51-4AF9-B4DB-DA697D6429E0}.Ad-Hoc|iPhoneSimulator.ActiveCfg = Release|Any CPU
		{A2EDA81F-EA51-4AF9-B4DB-DA697D6429E0}.Ad-Hoc|iPhoneSimulator.Build.0 = Release|Any CPU
		{A2EDA81F-EA51-4AF9-B4DB-DA697D6429E0}.Ad-Hoc|iPhoneSimulator.Deploy.0 = Release|Any CPU
		{A2EDA81F-EA51-4AF9-B4DB-DA697D6429E0}.Ad-Hoc|x64.ActiveCfg = Release|Any CPU
		{A2EDA81F-EA51-4AF9-B4DB-DA697D6429E0}.Ad-Hoc|x64.Build.0 = Release|Any CPU
		{A2EDA81F-EA51-4AF9-B4DB-DA697D6429E0}.Ad-Hoc|x64.Deploy.0 = Release|Any CPU
		{A2EDA81F-EA51-4AF9-B4DB-DA697D6429E0}.Ad-Hoc|x86.ActiveCfg = Release|Any CPU
		{A2EDA81F-EA51-4AF9-B4DB-DA697D6429E0}.Ad-Hoc|x86.Build.0 = Release|Any CPU
		{A2EDA81F-EA51-4AF9-B4DB-DA697D6429E0}.Ad-Hoc|x86.Deploy.0 = Release|Any CPU
		{A2EDA81F-EA51-4AF9-B4DB-DA697D6429E0}.AppStore|Any CPU.ActiveCfg = Release|Any CPU
		{A2EDA81F-EA51-4AF9-B4DB-DA697D6429E0}.AppStore|Any CPU.Build.0 = Release|Any CPU
		{A2EDA81F-EA51-4AF9-B4DB-DA697D6429E0}.AppStore|Any CPU.Deploy.0 = Release|Any CPU
		{A2EDA81F-EA51-4AF9-B4DB-DA697D6429E0}.AppStore|ARM.ActiveCfg = Release|Any CPU
		{A2EDA81F-EA51-4AF9-B4DB-DA697D6429E0}.AppStore|ARM.Build.0 = Release|Any CPU
		{A2EDA81F-EA51-4AF9-B4DB-DA697D6429E0}.AppStore|ARM.Deploy.0 = Release|Any CPU
		{A2EDA81F-EA51-4AF9-B4DB-DA697D6429E0}.AppStore|iPhone.ActiveCfg = Release|Any CPU
		{A2EDA81F-EA51-4AF9-B4DB-DA697D6429E0}.AppStore|iPhone.Build.0 = Release|Any CPU
		{A2EDA81F-EA51-4AF9-B4DB-DA697D6429E0}.AppStore|iPhone.Deploy.0 = Release|Any CPU
		{A2EDA81F-EA51-4AF9-B4DB-DA697D6429E0}.AppStore|iPhoneSimulator.ActiveCfg = Release|Any CPU
		{A2EDA81F-EA51-4AF9-B4DB-DA697D6429E0}.AppStore|iPhoneSimulator.Build.0 = Release|Any CPU
		{A2EDA81F-EA51-4AF9-B4DB-DA697D6429E0}.AppStore|iPhoneSimulator.Deploy.0 = Release|Any CPU
		{A2EDA81F-EA51-4AF9-B4DB-DA697D6429E0}.AppStore|x64.ActiveCfg = Release|Any CPU
		{A2EDA81F-EA51-4AF9-B4DB-DA697D6429E0}.AppStore|x64.Build.0 = Release|Any CPU
		{A2EDA81F-EA51-4AF9-B4DB-DA697D6429E0}.AppStore|x64.Deploy.0 = Release|Any CPU
		{A2EDA81F-EA51-4AF9-B4DB-DA697D6429E0}.AppStore|x86.ActiveCfg = Release|Any CPU
		{A2EDA81F-EA51-4AF9-B4DB-DA697D6429E0}.AppStore|x86.Build.0 = Release|Any CPU
		{A2EDA81F-EA51-4AF9-B4DB-DA697D6429E0}.AppStore|x86.Deploy.0 = Release|Any CPU
		{A2EDA81F-EA51-4AF9-B4DB-DA697D6429E0}.Debug|Any CPU.ActiveCfg = Debug|Any CPU
		{A2EDA81F-EA51-4AF9-B4DB-DA697D6429E0}.Debug|Any CPU.Build.0 = Debug|Any CPU
		{A2EDA81F-EA51-4AF9-B4DB-DA697D6429E0}.Debug|Any CPU.Deploy.0 = Debug|Any CPU
		{A2EDA81F-EA51-4AF9-B4DB-DA697D6429E0}.Debug|ARM.ActiveCfg = Debug|Any CPU
		{A2EDA81F-EA51-4AF9-B4DB-DA697D6429E0}.Debug|ARM.Build.0 = Debug|Any CPU
		{A2EDA81F-EA51-4AF9-B4DB-DA697D6429E0}.Debug|ARM.Deploy.0 = Debug|Any CPU
		{A2EDA81F-EA51-4AF9-B4DB-DA697D6429E0}.Debug|iPhone.ActiveCfg = Debug|Any CPU
		{A2EDA81F-EA51-4AF9-B4DB-DA697D6429E0}.Debug|iPhone.Build.0 = Debug|Any CPU
		{A2EDA81F-EA51-4AF9-B4DB-DA697D6429E0}.Debug|iPhone.Deploy.0 = Debug|Any CPU
		{A2EDA81F-EA51-4AF9-B4DB-DA697D6429E0}.Debug|iPhoneSimulator.ActiveCfg = Debug|Any CPU
		{A2EDA81F-EA51-4AF9-B4DB-DA697D6429E0}.Debug|iPhoneSimulator.Build.0 = Debug|Any CPU
		{A2EDA81F-EA51-4AF9-B4DB-DA697D6429E0}.Debug|iPhoneSimulator.Deploy.0 = Debug|Any CPU
		{A2EDA81F-EA51-4AF9-B4DB-DA697D6429E0}.Debug|x64.ActiveCfg = Debug|Any CPU
		{A2EDA81F-EA51-4AF9-B4DB-DA697D6429E0}.Debug|x64.Build.0 = Debug|Any CPU
		{A2EDA81F-EA51-4AF9-B4DB-DA697D6429E0}.Debug|x64.Deploy.0 = Debug|Any CPU
		{A2EDA81F-EA51-4AF9-B4DB-DA697D6429E0}.Debug|x86.ActiveCfg = Debug|Any CPU
		{A2EDA81F-EA51-4AF9-B4DB-DA697D6429E0}.Debug|x86.Build.0 = Debug|Any CPU
		{A2EDA81F-EA51-4AF9-B4DB-DA697D6429E0}.Debug|x86.Deploy.0 = Debug|Any CPU
		{A2EDA81F-EA51-4AF9-B4DB-DA697D6429E0}.Release|Any CPU.ActiveCfg = Release|Any CPU
		{A2EDA81F-EA51-4AF9-B4DB-DA697D6429E0}.Release|Any CPU.Build.0 = Release|Any CPU
		{A2EDA81F-EA51-4AF9-B4DB-DA697D6429E0}.Release|Any CPU.Deploy.0 = Release|Any CPU
		{A2EDA81F-EA51-4AF9-B4DB-DA697D6429E0}.Release|ARM.ActiveCfg = Release|Any CPU
		{A2EDA81F-EA51-4AF9-B4DB-DA697D6429E0}.Release|ARM.Build.0 = Release|Any CPU
		{A2EDA81F-EA51-4AF9-B4DB-DA697D6429E0}.Release|ARM.Deploy.0 = Release|Any CPU
		{A2EDA81F-EA51-4AF9-B4DB-DA697D6429E0}.Release|iPhone.ActiveCfg = Release|Any CPU
		{A2EDA81F-EA51-4AF9-B4DB-DA697D6429E0}.Release|iPhone.Build.0 = Release|Any CPU
		{A2EDA81F-EA51-4AF9-B4DB-DA697D6429E0}.Release|iPhone.Deploy.0 = Release|Any CPU
		{A2EDA81F-EA51-4AF9-B4DB-DA697D6429E0}.Release|iPhoneSimulator.ActiveCfg = Release|Any CPU
		{A2EDA81F-EA51-4AF9-B4DB-DA697D6429E0}.Release|iPhoneSimulator.Build.0 = Release|Any CPU
		{A2EDA81F-EA51-4AF9-B4DB-DA697D6429E0}.Release|iPhoneSimulator.Deploy.0 = Release|Any CPU
		{A2EDA81F-EA51-4AF9-B4DB-DA697D6429E0}.Release|x64.ActiveCfg = Release|Any CPU
		{A2EDA81F-EA51-4AF9-B4DB-DA697D6429E0}.Release|x64.Build.0 = Release|Any CPU
		{A2EDA81F-EA51-4AF9-B4DB-DA697D6429E0}.Release|x64.Deploy.0 = Release|Any CPU
		{A2EDA81F-EA51-4AF9-B4DB-DA697D6429E0}.Release|x86.ActiveCfg = Release|Any CPU
		{A2EDA81F-EA51-4AF9-B4DB-DA697D6429E0}.Release|x86.Build.0 = Release|Any CPU
		{A2EDA81F-EA51-4AF9-B4DB-DA697D6429E0}.Release|x86.Deploy.0 = Release|Any CPU
		{D40673E3-AB77-4F66-B74C-B05C4A6F5320}.Ad-Hoc|Any CPU.ActiveCfg = Release|Any CPU
		{D40673E3-AB77-4F66-B74C-B05C4A6F5320}.Ad-Hoc|Any CPU.Build.0 = Release|Any CPU
		{D40673E3-AB77-4F66-B74C-B05C4A6F5320}.Ad-Hoc|ARM.ActiveCfg = Release|Any CPU
		{D40673E3-AB77-4F66-B74C-B05C4A6F5320}.Ad-Hoc|ARM.Build.0 = Release|Any CPU
		{D40673E3-AB77-4F66-B74C-B05C4A6F5320}.Ad-Hoc|iPhone.ActiveCfg = Release|Any CPU
		{D40673E3-AB77-4F66-B74C-B05C4A6F5320}.Ad-Hoc|iPhone.Build.0 = Release|Any CPU
		{D40673E3-AB77-4F66-B74C-B05C4A6F5320}.Ad-Hoc|iPhoneSimulator.ActiveCfg = Release|Any CPU
		{D40673E3-AB77-4F66-B74C-B05C4A6F5320}.Ad-Hoc|iPhoneSimulator.Build.0 = Release|Any CPU
		{D40673E3-AB77-4F66-B74C-B05C4A6F5320}.Ad-Hoc|x64.ActiveCfg = Release|Any CPU
		{D40673E3-AB77-4F66-B74C-B05C4A6F5320}.Ad-Hoc|x64.Build.0 = Release|Any CPU
		{D40673E3-AB77-4F66-B74C-B05C4A6F5320}.Ad-Hoc|x86.ActiveCfg = Release|Any CPU
		{D40673E3-AB77-4F66-B74C-B05C4A6F5320}.Ad-Hoc|x86.Build.0 = Release|Any CPU
		{D40673E3-AB77-4F66-B74C-B05C4A6F5320}.AppStore|Any CPU.ActiveCfg = Release|Any CPU
		{D40673E3-AB77-4F66-B74C-B05C4A6F5320}.AppStore|Any CPU.Build.0 = Release|Any CPU
		{D40673E3-AB77-4F66-B74C-B05C4A6F5320}.AppStore|ARM.ActiveCfg = Release|Any CPU
		{D40673E3-AB77-4F66-B74C-B05C4A6F5320}.AppStore|ARM.Build.0 = Release|Any CPU
		{D40673E3-AB77-4F66-B74C-B05C4A6F5320}.AppStore|iPhone.ActiveCfg = Release|Any CPU
		{D40673E3-AB77-4F66-B74C-B05C4A6F5320}.AppStore|iPhone.Build.0 = Release|Any CPU
		{D40673E3-AB77-4F66-B74C-B05C4A6F5320}.AppStore|iPhoneSimulator.ActiveCfg = Release|Any CPU
		{D40673E3-AB77-4F66-B74C-B05C4A6F5320}.AppStore|iPhoneSimulator.Build.0 = Release|Any CPU
		{D40673E3-AB77-4F66-B74C-B05C4A6F5320}.AppStore|x64.ActiveCfg = Release|Any CPU
		{D40673E3-AB77-4F66-B74C-B05C4A6F5320}.AppStore|x64.Build.0 = Release|Any CPU
		{D40673E3-AB77-4F66-B74C-B05C4A6F5320}.AppStore|x86.ActiveCfg = Release|Any CPU
		{D40673E3-AB77-4F66-B74C-B05C4A6F5320}.AppStore|x86.Build.0 = Release|Any CPU
		{D40673E3-AB77-4F66-B74C-B05C4A6F5320}.Debug|Any CPU.ActiveCfg = Debug|Any CPU
		{D40673E3-AB77-4F66-B74C-B05C4A6F5320}.Debug|Any CPU.Build.0 = Debug|Any CPU
		{D40673E3-AB77-4F66-B74C-B05C4A6F5320}.Debug|ARM.ActiveCfg = Debug|Any CPU
		{D40673E3-AB77-4F66-B74C-B05C4A6F5320}.Debug|ARM.Build.0 = Debug|Any CPU
		{D40673E3-AB77-4F66-B74C-B05C4A6F5320}.Debug|iPhone.ActiveCfg = Debug|Any CPU
		{D40673E3-AB77-4F66-B74C-B05C4A6F5320}.Debug|iPhone.Build.0 = Debug|Any CPU
		{D40673E3-AB77-4F66-B74C-B05C4A6F5320}.Debug|iPhoneSimulator.ActiveCfg = Debug|Any CPU
		{D40673E3-AB77-4F66-B74C-B05C4A6F5320}.Debug|iPhoneSimulator.Build.0 = Debug|Any CPU
		{D40673E3-AB77-4F66-B74C-B05C4A6F5320}.Debug|x64.ActiveCfg = Debug|Any CPU
		{D40673E3-AB77-4F66-B74C-B05C4A6F5320}.Debug|x64.Build.0 = Debug|Any CPU
		{D40673E3-AB77-4F66-B74C-B05C4A6F5320}.Debug|x86.ActiveCfg = Debug|Any CPU
		{D40673E3-AB77-4F66-B74C-B05C4A6F5320}.Debug|x86.Build.0 = Debug|Any CPU
		{D40673E3-AB77-4F66-B74C-B05C4A6F5320}.Release|Any CPU.ActiveCfg = Release|Any CPU
		{D40673E3-AB77-4F66-B74C-B05C4A6F5320}.Release|Any CPU.Build.0 = Release|Any CPU
		{D40673E3-AB77-4F66-B74C-B05C4A6F5320}.Release|ARM.ActiveCfg = Release|Any CPU
		{D40673E3-AB77-4F66-B74C-B05C4A6F5320}.Release|ARM.Build.0 = Release|Any CPU
		{D40673E3-AB77-4F66-B74C-B05C4A6F5320}.Release|iPhone.ActiveCfg = Release|Any CPU
		{D40673E3-AB77-4F66-B74C-B05C4A6F5320}.Release|iPhone.Build.0 = Release|Any CPU
		{D40673E3-AB77-4F66-B74C-B05C4A6F5320}.Release|iPhoneSimulator.ActiveCfg = Release|Any CPU
		{D40673E3-AB77-4F66-B74C-B05C4A6F5320}.Release|iPhoneSimulator.Build.0 = Release|Any CPU
		{D40673E3-AB77-4F66-B74C-B05C4A6F5320}.Release|x64.ActiveCfg = Release|Any CPU
		{D40673E3-AB77-4F66-B74C-B05C4A6F5320}.Release|x64.Build.0 = Release|Any CPU
		{D40673E3-AB77-4F66-B74C-B05C4A6F5320}.Release|x86.ActiveCfg = Release|Any CPU
		{D40673E3-AB77-4F66-B74C-B05C4A6F5320}.Release|x86.Build.0 = Release|Any CPU
		{55D11A70-5F47-4808-8E4F-27C86F1F6E6E}.Ad-Hoc|Any CPU.ActiveCfg = Release|x86
		{55D11A70-5F47-4808-8E4F-27C86F1F6E6E}.Ad-Hoc|Any CPU.Build.0 = Release|x86
		{55D11A70-5F47-4808-8E4F-27C86F1F6E6E}.Ad-Hoc|Any CPU.Deploy.0 = Release|x86
		{55D11A70-5F47-4808-8E4F-27C86F1F6E6E}.Ad-Hoc|ARM.ActiveCfg = Release|ARM
		{55D11A70-5F47-4808-8E4F-27C86F1F6E6E}.Ad-Hoc|ARM.Build.0 = Release|ARM
		{55D11A70-5F47-4808-8E4F-27C86F1F6E6E}.Ad-Hoc|ARM.Deploy.0 = Release|ARM
		{55D11A70-5F47-4808-8E4F-27C86F1F6E6E}.Ad-Hoc|iPhone.ActiveCfg = Release|x86
		{55D11A70-5F47-4808-8E4F-27C86F1F6E6E}.Ad-Hoc|iPhone.Build.0 = Release|x86
		{55D11A70-5F47-4808-8E4F-27C86F1F6E6E}.Ad-Hoc|iPhone.Deploy.0 = Release|x86
		{55D11A70-5F47-4808-8E4F-27C86F1F6E6E}.Ad-Hoc|iPhoneSimulator.ActiveCfg = Release|x86
		{55D11A70-5F47-4808-8E4F-27C86F1F6E6E}.Ad-Hoc|iPhoneSimulator.Build.0 = Release|x86
		{55D11A70-5F47-4808-8E4F-27C86F1F6E6E}.Ad-Hoc|iPhoneSimulator.Deploy.0 = Release|x86
		{55D11A70-5F47-4808-8E4F-27C86F1F6E6E}.Ad-Hoc|x64.ActiveCfg = Release|x64
		{55D11A70-5F47-4808-8E4F-27C86F1F6E6E}.Ad-Hoc|x64.Build.0 = Release|x64
		{55D11A70-5F47-4808-8E4F-27C86F1F6E6E}.Ad-Hoc|x64.Deploy.0 = Release|x64
		{55D11A70-5F47-4808-8E4F-27C86F1F6E6E}.Ad-Hoc|x86.ActiveCfg = Release|x86
		{55D11A70-5F47-4808-8E4F-27C86F1F6E6E}.Ad-Hoc|x86.Build.0 = Release|x86
		{55D11A70-5F47-4808-8E4F-27C86F1F6E6E}.Ad-Hoc|x86.Deploy.0 = Release|x86
		{55D11A70-5F47-4808-8E4F-27C86F1F6E6E}.AppStore|Any CPU.ActiveCfg = Release|x86
		{55D11A70-5F47-4808-8E4F-27C86F1F6E6E}.AppStore|Any CPU.Build.0 = Release|x86
		{55D11A70-5F47-4808-8E4F-27C86F1F6E6E}.AppStore|Any CPU.Deploy.0 = Release|x86
		{55D11A70-5F47-4808-8E4F-27C86F1F6E6E}.AppStore|ARM.ActiveCfg = Release|ARM
		{55D11A70-5F47-4808-8E4F-27C86F1F6E6E}.AppStore|ARM.Build.0 = Release|ARM
		{55D11A70-5F47-4808-8E4F-27C86F1F6E6E}.AppStore|ARM.Deploy.0 = Release|ARM
		{55D11A70-5F47-4808-8E4F-27C86F1F6E6E}.AppStore|iPhone.ActiveCfg = Release|x86
		{55D11A70-5F47-4808-8E4F-27C86F1F6E6E}.AppStore|iPhone.Build.0 = Release|x86
		{55D11A70-5F47-4808-8E4F-27C86F1F6E6E}.AppStore|iPhone.Deploy.0 = Release|x86
		{55D11A70-5F47-4808-8E4F-27C86F1F6E6E}.AppStore|iPhoneSimulator.ActiveCfg = Release|x86
		{55D11A70-5F47-4808-8E4F-27C86F1F6E6E}.AppStore|iPhoneSimulator.Build.0 = Release|x86
		{55D11A70-5F47-4808-8E4F-27C86F1F6E6E}.AppStore|iPhoneSimulator.Deploy.0 = Release|x86
		{55D11A70-5F47-4808-8E4F-27C86F1F6E6E}.AppStore|x64.ActiveCfg = Release|x64
		{55D11A70-5F47-4808-8E4F-27C86F1F6E6E}.AppStore|x64.Build.0 = Release|x64
		{55D11A70-5F47-4808-8E4F-27C86F1F6E6E}.AppStore|x64.Deploy.0 = Release|x64
		{55D11A70-5F47-4808-8E4F-27C86F1F6E6E}.AppStore|x86.ActiveCfg = Release|x86
		{55D11A70-5F47-4808-8E4F-27C86F1F6E6E}.AppStore|x86.Build.0 = Release|x86
		{55D11A70-5F47-4808-8E4F-27C86F1F6E6E}.AppStore|x86.Deploy.0 = Release|x86
		{55D11A70-5F47-4808-8E4F-27C86F1F6E6E}.Debug|Any CPU.ActiveCfg = Debug|x86
		{55D11A70-5F47-4808-8E4F-27C86F1F6E6E}.Debug|Any CPU.Build.0 = Debug|x86
		{55D11A70-5F47-4808-8E4F-27C86F1F6E6E}.Debug|Any CPU.Deploy.0 = Debug|x86
		{55D11A70-5F47-4808-8E4F-27C86F1F6E6E}.Debug|ARM.ActiveCfg = Debug|ARM
		{55D11A70-5F47-4808-8E4F-27C86F1F6E6E}.Debug|ARM.Build.0 = Debug|ARM
		{55D11A70-5F47-4808-8E4F-27C86F1F6E6E}.Debug|ARM.Deploy.0 = Debug|ARM
		{55D11A70-5F47-4808-8E4F-27C86F1F6E6E}.Debug|iPhone.ActiveCfg = Debug|x86
		{55D11A70-5F47-4808-8E4F-27C86F1F6E6E}.Debug|iPhoneSimulator.ActiveCfg = Debug|x86
		{55D11A70-5F47-4808-8E4F-27C86F1F6E6E}.Debug|x64.ActiveCfg = Debug|x64
		{55D11A70-5F47-4808-8E4F-27C86F1F6E6E}.Debug|x64.Build.0 = Debug|x64
		{55D11A70-5F47-4808-8E4F-27C86F1F6E6E}.Debug|x64.Deploy.0 = Debug|x64
		{55D11A70-5F47-4808-8E4F-27C86F1F6E6E}.Debug|x86.ActiveCfg = Debug|x86
		{55D11A70-5F47-4808-8E4F-27C86F1F6E6E}.Debug|x86.Build.0 = Debug|x86
		{55D11A70-5F47-4808-8E4F-27C86F1F6E6E}.Debug|x86.Deploy.0 = Debug|x86
		{55D11A70-5F47-4808-8E4F-27C86F1F6E6E}.Release|Any CPU.ActiveCfg = Release|x86
		{55D11A70-5F47-4808-8E4F-27C86F1F6E6E}.Release|ARM.ActiveCfg = Release|ARM
		{55D11A70-5F47-4808-8E4F-27C86F1F6E6E}.Release|ARM.Build.0 = Release|ARM
		{55D11A70-5F47-4808-8E4F-27C86F1F6E6E}.Release|ARM.Deploy.0 = Release|ARM
		{55D11A70-5F47-4808-8E4F-27C86F1F6E6E}.Release|iPhone.ActiveCfg = Release|x86
		{55D11A70-5F47-4808-8E4F-27C86F1F6E6E}.Release|iPhoneSimulator.ActiveCfg = Release|x86
		{55D11A70-5F47-4808-8E4F-27C86F1F6E6E}.Release|x64.ActiveCfg = Release|x64
		{55D11A70-5F47-4808-8E4F-27C86F1F6E6E}.Release|x64.Build.0 = Release|x64
		{55D11A70-5F47-4808-8E4F-27C86F1F6E6E}.Release|x64.Deploy.0 = Release|x64
		{55D11A70-5F47-4808-8E4F-27C86F1F6E6E}.Release|x86.ActiveCfg = Release|x86
		{55D11A70-5F47-4808-8E4F-27C86F1F6E6E}.Release|x86.Build.0 = Release|x86
		{55D11A70-5F47-4808-8E4F-27C86F1F6E6E}.Release|x86.Deploy.0 = Release|x86
		{D7421611-CB0C-4D27-BDB3-FF28B2E35C4F}.Ad-Hoc|Any CPU.ActiveCfg = Ad-Hoc|iPhone
		{D7421611-CB0C-4D27-BDB3-FF28B2E35C4F}.Ad-Hoc|ARM.ActiveCfg = Ad-Hoc|iPhone
		{D7421611-CB0C-4D27-BDB3-FF28B2E35C4F}.Ad-Hoc|iPhone.ActiveCfg = Ad-Hoc|iPhone
		{D7421611-CB0C-4D27-BDB3-FF28B2E35C4F}.Ad-Hoc|iPhone.Build.0 = Ad-Hoc|iPhone
		{D7421611-CB0C-4D27-BDB3-FF28B2E35C4F}.Ad-Hoc|iPhoneSimulator.ActiveCfg = Ad-Hoc|iPhoneSimulator
		{D7421611-CB0C-4D27-BDB3-FF28B2E35C4F}.Ad-Hoc|iPhoneSimulator.Build.0 = Ad-Hoc|iPhoneSimulator
		{D7421611-CB0C-4D27-BDB3-FF28B2E35C4F}.Ad-Hoc|x64.ActiveCfg = Ad-Hoc|iPhone
		{D7421611-CB0C-4D27-BDB3-FF28B2E35C4F}.Ad-Hoc|x86.ActiveCfg = Ad-Hoc|iPhone
		{D7421611-CB0C-4D27-BDB3-FF28B2E35C4F}.AppStore|Any CPU.ActiveCfg = AppStore|iPhone
		{D7421611-CB0C-4D27-BDB3-FF28B2E35C4F}.AppStore|ARM.ActiveCfg = AppStore|iPhone
		{D7421611-CB0C-4D27-BDB3-FF28B2E35C4F}.AppStore|iPhone.ActiveCfg = AppStore|iPhone
		{D7421611-CB0C-4D27-BDB3-FF28B2E35C4F}.AppStore|iPhone.Build.0 = AppStore|iPhone
		{D7421611-CB0C-4D27-BDB3-FF28B2E35C4F}.AppStore|iPhoneSimulator.ActiveCfg = AppStore|iPhoneSimulator
		{D7421611-CB0C-4D27-BDB3-FF28B2E35C4F}.AppStore|iPhoneSimulator.Build.0 = AppStore|iPhoneSimulator
		{D7421611-CB0C-4D27-BDB3-FF28B2E35C4F}.AppStore|x64.ActiveCfg = AppStore|iPhone
		{D7421611-CB0C-4D27-BDB3-FF28B2E35C4F}.AppStore|x86.ActiveCfg = AppStore|iPhone
		{D7421611-CB0C-4D27-BDB3-FF28B2E35C4F}.Debug|Any CPU.ActiveCfg = Debug|iPhone
		{D7421611-CB0C-4D27-BDB3-FF28B2E35C4F}.Debug|ARM.ActiveCfg = Debug|iPhone
		{D7421611-CB0C-4D27-BDB3-FF28B2E35C4F}.Debug|iPhone.ActiveCfg = Debug|iPhone
		{D7421611-CB0C-4D27-BDB3-FF28B2E35C4F}.Debug|iPhone.Build.0 = Debug|iPhone
		{D7421611-CB0C-4D27-BDB3-FF28B2E35C4F}.Debug|iPhoneSimulator.ActiveCfg = Debug|iPhoneSimulator
		{D7421611-CB0C-4D27-BDB3-FF28B2E35C4F}.Debug|iPhoneSimulator.Build.0 = Debug|iPhoneSimulator
		{D7421611-CB0C-4D27-BDB3-FF28B2E35C4F}.Debug|x64.ActiveCfg = Debug|iPhone
		{D7421611-CB0C-4D27-BDB3-FF28B2E35C4F}.Debug|x86.ActiveCfg = Debug|iPhone
		{D7421611-CB0C-4D27-BDB3-FF28B2E35C4F}.Release|Any CPU.ActiveCfg = Release|iPhone
		{D7421611-CB0C-4D27-BDB3-FF28B2E35C4F}.Release|ARM.ActiveCfg = Release|iPhone
		{D7421611-CB0C-4D27-BDB3-FF28B2E35C4F}.Release|iPhone.ActiveCfg = Release|iPhone
		{D7421611-CB0C-4D27-BDB3-FF28B2E35C4F}.Release|iPhone.Build.0 = Release|iPhone
		{D7421611-CB0C-4D27-BDB3-FF28B2E35C4F}.Release|iPhoneSimulator.ActiveCfg = Release|iPhoneSimulator
		{D7421611-CB0C-4D27-BDB3-FF28B2E35C4F}.Release|iPhoneSimulator.Build.0 = Release|iPhoneSimulator
		{D7421611-CB0C-4D27-BDB3-FF28B2E35C4F}.Release|x64.ActiveCfg = Release|iPhone
		{D7421611-CB0C-4D27-BDB3-FF28B2E35C4F}.Release|x86.ActiveCfg = Release|iPhone
		{D7421611-CB0C-4D27-BDB3-FF28B2E35C4F}.Debug|Any CPU.Build.0 = Debug|iPhone
	EndGlobalSection
	GlobalSection(SolutionProperties) = preSolution
		HideSolutionNode = FALSE
	EndGlobalSection
EndGlobal
